[[package]]
name = "atk-sys"
version = "0.5.0"
source = "registry+https://github.com/rust-lang/crates.io-index"
dependencies = [
 "bitflags 1.0.1 (registry+https://github.com/rust-lang/crates.io-index)",
 "glib-sys 0.5.0 (registry+https://github.com/rust-lang/crates.io-index)",
 "gobject-sys 0.5.0 (registry+https://github.com/rust-lang/crates.io-index)",
 "libc 0.2.39 (registry+https://github.com/rust-lang/crates.io-index)",
 "pkg-config 0.3.9 (registry+https://github.com/rust-lang/crates.io-index)",
]

[[package]]
name = "bitflags"
version = "1.0.1"
source = "registry+https://github.com/rust-lang/crates.io-index"

[[package]]
name = "cairo-sys-rs"
version = "0.5.0"
source = "registry+https://github.com/rust-lang/crates.io-index"
dependencies = [
 "libc 0.2.39 (registry+https://github.com/rust-lang/crates.io-index)",
 "pkg-config 0.3.9 (registry+https://github.com/rust-lang/crates.io-index)",
 "winapi 0.2.8 (registry+https://github.com/rust-lang/crates.io-index)",
]

[[package]]
name = "gdk-pixbuf-sys"
version = "0.5.0"
source = "registry+https://github.com/rust-lang/crates.io-index"
dependencies = [
 "bitflags 1.0.1 (registry+https://github.com/rust-lang/crates.io-index)",
 "gio-sys 0.5.0 (registry+https://github.com/rust-lang/crates.io-index)",
 "glib-sys 0.5.0 (registry+https://github.com/rust-lang/crates.io-index)",
 "gobject-sys 0.5.0 (registry+https://github.com/rust-lang/crates.io-index)",
 "libc 0.2.39 (registry+https://github.com/rust-lang/crates.io-index)",
 "pkg-config 0.3.9 (registry+https://github.com/rust-lang/crates.io-index)",
]

[[package]]
name = "gdk-sys"
version = "0.5.0"
source = "registry+https://github.com/rust-lang/crates.io-index"
dependencies = [
 "bitflags 1.0.1 (registry+https://github.com/rust-lang/crates.io-index)",
 "cairo-sys-rs 0.5.0 (registry+https://github.com/rust-lang/crates.io-index)",
 "gdk-pixbuf-sys 0.5.0 (registry+https://github.com/rust-lang/crates.io-index)",
 "gio-sys 0.5.0 (registry+https://github.com/rust-lang/crates.io-index)",
 "glib-sys 0.5.0 (registry+https://github.com/rust-lang/crates.io-index)",
 "gobject-sys 0.5.0 (registry+https://github.com/rust-lang/crates.io-index)",
 "libc 0.2.39 (registry+https://github.com/rust-lang/crates.io-index)",
 "pango-sys 0.5.0 (registry+https://github.com/rust-lang/crates.io-index)",
 "pkg-config 0.3.9 (registry+https://github.com/rust-lang/crates.io-index)",
]

[[package]]
name = "gio-sys"
version = "0.5.0"
source = "registry+https://github.com/rust-lang/crates.io-index"
dependencies = [
 "bitflags 1.0.1 (registry+https://github.com/rust-lang/crates.io-index)",
 "glib-sys 0.5.0 (registry+https://github.com/rust-lang/crates.io-index)",
 "gobject-sys 0.5.0 (registry+https://github.com/rust-lang/crates.io-index)",
 "libc 0.2.39 (registry+https://github.com/rust-lang/crates.io-index)",
 "pkg-config 0.3.9 (registry+https://github.com/rust-lang/crates.io-index)",
]

[[package]]
name = "glib"
version = "0.4.1"
source = "registry+https://github.com/rust-lang/crates.io-index"
dependencies = [
 "bitflags 1.0.1 (registry+https://github.com/rust-lang/crates.io-index)",
 "glib-sys 0.5.0 (registry+https://github.com/rust-lang/crates.io-index)",
 "gobject-sys 0.5.0 (registry+https://github.com/rust-lang/crates.io-index)",
 "lazy_static 1.0.0 (registry+https://github.com/rust-lang/crates.io-index)",
 "libc 0.2.39 (registry+https://github.com/rust-lang/crates.io-index)",
]

[[package]]
name = "glib-sys"
version = "0.5.0"
source = "registry+https://github.com/rust-lang/crates.io-index"
dependencies = [
 "bitflags 1.0.1 (registry+https://github.com/rust-lang/crates.io-index)",
 "libc 0.2.39 (registry+https://github.com/rust-lang/crates.io-index)",
 "pkg-config 0.3.9 (registry+https://github.com/rust-lang/crates.io-index)",
]

[[package]]
name = "gobject-rs"
version = "0.1.0"
dependencies = [
 "glib 0.4.1 (registry+https://github.com/rust-lang/crates.io-index)",
 "glib-sys 0.5.0 (registry+https://github.com/rust-lang/crates.io-index)",
 "gobject-sys 0.5.0 (registry+https://github.com/rust-lang/crates.io-index)",
 "gtk-sys 0.5.0 (registry+https://github.com/rust-lang/crates.io-index)",
]

[[package]]
name = "gobject-sys"
version = "0.5.0"
source = "registry+https://github.com/rust-lang/crates.io-index"
dependencies = [
 "bitflags 1.0.1 (registry+https://github.com/rust-lang/crates.io-index)",
 "glib-sys 0.5.0 (registry+https://github.com/rust-lang/crates.io-index)",
 "libc 0.2.39 (registry+https://github.com/rust-lang/crates.io-index)",
 "pkg-config 0.3.9 (registry+https://github.com/rust-lang/crates.io-index)",
]

[[package]]
name = "gtk-sys"
version = "0.5.0"
source = "registry+https://github.com/rust-lang/crates.io-index"
dependencies = [
 "atk-sys 0.5.0 (registry+https://github.com/rust-lang/crates.io-index)",
 "bitflags 1.0.1 (registry+https://github.com/rust-lang/crates.io-index)",
 "cairo-sys-rs 0.5.0 (registry+https://github.com/rust-lang/crates.io-index)",
 "gdk-pixbuf-sys 0.5.0 (registry+https://github.com/rust-lang/crates.io-index)",
 "gdk-sys 0.5.0 (registry+https://github.com/rust-lang/crates.io-index)",
 "gio-sys 0.5.0 (registry+https://github.com/rust-lang/crates.io-index)",
 "glib-sys 0.5.0 (registry+https://github.com/rust-lang/crates.io-index)",
 "gobject-sys 0.5.0 (registry+https://github.com/rust-lang/crates.io-index)",
 "libc 0.2.39 (registry+https://github.com/rust-lang/crates.io-index)",
 "pango-sys 0.5.0 (registry+https://github.com/rust-lang/crates.io-index)",
 "pkg-config 0.3.9 (registry+https://github.com/rust-lang/crates.io-index)",
]

[[package]]
name = "lazy_static"
version = "1.0.0"
source = "registry+https://github.com/rust-lang/crates.io-index"

[[package]]
name = "libc"
version = "0.2.39"
source = "registry+https://github.com/rust-lang/crates.io-index"

[[package]]
name = "pango-sys"
version = "0.5.0"
source = "registry+https://github.com/rust-lang/crates.io-index"
dependencies = [
 "bitflags 1.0.1 (registry+https://github.com/rust-lang/crates.io-index)",
 "glib-sys 0.5.0 (registry+https://github.com/rust-lang/crates.io-index)",
 "gobject-sys 0.5.0 (registry+https://github.com/rust-lang/crates.io-index)",
 "libc 0.2.39 (registry+https://github.com/rust-lang/crates.io-index)",
 "pkg-config 0.3.9 (registry+https://github.com/rust-lang/crates.io-index)",
]

[[package]]
name = "pkg-config"
version = "0.3.9"
source = "registry+https://github.com/rust-lang/crates.io-index"

[[package]]
name = "winapi"
version = "0.2.8"
source = "registry+https://github.com/rust-lang/crates.io-index"

[metadata]
"checksum atk-sys 0.5.0 (registry+https://github.com/rust-lang/crates.io-index)" = "33a67fd81e1922dddc335887516f2f5254534e89c9d39fa89bca5d79bd150d34"
"checksum bitflags 1.0.1 (registry+https://github.com/rust-lang/crates.io-index)" = "b3c30d3802dfb7281680d6285f2ccdaa8c2d8fee41f93805dba5c4cf50dc23cf"
"checksum cairo-sys-rs 0.5.0 (registry+https://github.com/rust-lang/crates.io-index)" = "7c6e18fecaeac51809db57f45f4553cc0975225a7eb435a7a7e91e5e8113a84d"
"checksum gdk-pixbuf-sys 0.5.0 (registry+https://github.com/rust-lang/crates.io-index)" = "798f97101eea8180da363d0e80e07ec7ec6d1809306601c0100c1de5bc8b4f52"
"checksum gdk-sys 0.5.0 (registry+https://github.com/rust-lang/crates.io-index)" = "d4ee916f5f25c5f4b21bd9dcb12a216ae697406940ff9476358c308a8ececada"
"checksum gio-sys 0.5.0 (registry+https://github.com/rust-lang/crates.io-index)" = "a303bbf7a5e75ab3b627117ff10e495d1b9e97e1d68966285ac2b1f6270091bc"
"checksum glib 0.4.1 (registry+https://github.com/rust-lang/crates.io-index)" = "b9b0452824cc63066940f01adc721804919f0b76cdba3cfab977b00b87f16d4a"
"checksum glib-sys 0.5.0 (registry+https://github.com/rust-lang/crates.io-index)" = "d9693049613ff52b93013cc3d2590366d8e530366d288438724b73f6c7dc4be8"
"checksum gobject-sys 0.5.0 (registry+https://github.com/rust-lang/crates.io-index)" = "60d507c87a71b1143c66ed21a969be9b99a76df234b342d733e787e6c9c7d7c2"
"checksum gtk-sys 0.5.0 (registry+https://github.com/rust-lang/crates.io-index)" = "905fcfbaaad1b44ec0b4bba9e4d527d728284c62bc2ba41fccedace2b096766f"
"checksum lazy_static 1.0.0 (registry+https://github.com/rust-lang/crates.io-index)" = "c8f31047daa365f19be14b47c29df4f7c3b581832407daabe6ae77397619237d"
"checksum libc 0.2.39 (registry+https://github.com/rust-lang/crates.io-index)" = "f54263ad99207254cf58b5f701ecb432c717445ea2ee8af387334bdd1a03fdff"
"checksum pango-sys 0.5.0 (registry+https://github.com/rust-lang/crates.io-index)" = "34f34a1be107fe16abb2744e0e206bee4b3b07460b5fddd3009a6aaf60bd69ab"
"checksum pkg-config 0.3.9 (registry+https://github.com/rust-lang/crates.io-index)" = "3a8b4c6b8165cd1a1cd4b9b120978131389f64bdaf456435caa41e630edba903"
"checksum winapi 0.2.8 (registry+https://github.com/rust-lang/crates.io-index)" = "167dc9d6949a9b857f3451275e911c3f44255842c1f7a76f33c55103a909087a"
